
Microsoft Visual Studio Solution File, Format Version 12.00
# Visual Studio Version 17
VisualStudioVersion = 17.0.31903.59
MinimumVisualStudioVersion = 10.0.40219.1
Project("{2150E333-8FDC-42A3-9474-1A3956D46DE8}") = "src", "src", "{827E0CD3-B72D-47B6-A68D-7590B98EB39B}"
EndProject
Project("{FAE04EC0-301F-11D3-BF4B-00C04F79EFBC}") = "DaxaPos.Api", "src\DaxaPos.Api\DaxaPos.Api.csproj", "{26B750BB-AC54-4E77-A5BD-07E4CA7C44D3}"
EndProject
Project("{FAE04EC0-301F-11D3-BF4B-00C04F79EFBC}") = "DaxaPos.Application", "src\DaxaPos.Application\DaxaPos.Application.csproj", "{D89FBD62-A349-4D17-B394-8E3C6613BD92}"
EndProject
Project("{FAE04EC0-301F-11D3-BF4B-00C04F79EFBC}") = "DaxaPos.Domain", "src\DaxaPos.Domain\DaxaPos.Domain.csproj", "{A1D465A1-73F4-4B12-BE13-3D34B653D549}"
EndProject
Project("{FAE04EC0-301F-11D3-BF4B-00C04F79EFBC}") = "DaxaPos.Infrastructure", "src\DaxaPos.Infrastructure\DaxaPos.Infrastructure.csproj", "{1436E276-8173-40B5-A09F-C0312564B5D7}"
EndProject
Project("{FAE04EC0-301F-11D3-BF4B-00C04F79EFBC}") = "DaxaPos.Persistence", "src\DaxaPos.Persistence\DaxaPos.Persistence.csproj", "{9AAD3B1A-3B7F-4A8D-9F38-52706D042AA2}"
EndProject
Project("{2150E333-8FDC-42A3-9474-1A3956D46DE8}") = "tests", "tests", "{0AB3BF05-4346-4AA6-1389-037BE0695223}"
EndProject
Project("{FAE04EC0-301F-11D3-BF4B-00C04F79EFBC}") = "DaxaPos.Api.Tests", "tests\DaxaPos.Api.Tests\DaxaPos.Api.Tests.csproj", "{6ED20A07-B873-4A08-802B-072BB6157E33}"
EndProject
Project("{FAE04EC0-301F-11D3-BF4B-00C04F79EFBC}") = "DaxaPos.UnitTests", "tests\DaxaPos.UnitTests\DaxaPos.UnitTests.csproj", "{2787ECA3-FF1A-4579-98FE-E47B43BFE4F5}"
EndProject
Global
	GlobalSection(SolutionConfigurationPlatforms) = preSolution
		Debug|Any CPU = Debug|Any CPU
		Debug|x64 = Debug|x64
		Debug|x86 = Debug|x86
		Release|Any CPU = Release|Any CPU
		Release|x64 = Release|x64
		Release|x86 = Release|x86
	EndGlobalSection
	GlobalSection(ProjectConfigurationPlatforms) = postSolution
		{26B750BB-AC54-4E77-A5BD-07E4CA7C44D3}.Debug|Any CPU.ActiveCfg = Debug|Any CPU
		{26B750BB-AC54-4E77-A5BD-07E4CA7C44D3}.Debug|Any CPU.Build.0 = Debug|Any CPU
		{26B750BB-AC54-4E77-A5BD-07E4CA7C44D3}.Debug|x64.ActiveCfg = Debug|Any CPU
		{26B750BB-AC54-4E77-A5BD-07E4CA7C44D3}.Debug|x64.Build.0 = Debug|Any CPU
		{26B750BB-AC54-4E77-A5BD-07E4CA7C44D3}.Debug|x86.ActiveCfg = Debug|Any CPU
		{26B750BB-AC54-4E77-A5BD-07E4CA7C44D3}.Debug|x86.Build.0 = Debug|Any CPU
		{26B750BB-AC54-4E77-A5BD-07E4CA7C44D3}.Release|Any CPU.ActiveCfg = Release|Any CPU
		{26B750BB-AC54-4E77-A5BD-07E4CA7C44D3}.Release|Any CPU.Build.0 = Release|Any CPU
		{26B750BB-AC54-4E77-A5BD-07E4CA7C44D3}.Release|x64.ActiveCfg = Release|Any CPU
		{26B750BB-AC54-4E77-A5BD-07E4CA7C44D3}.Release|x64.Build.0 = Release|Any CPU
		{26B750BB-AC54-4E77-A5BD-07E4CA7C44D3}.Release|x86.ActiveCfg = Release|Any CPU
		{26B750BB-AC54-4E77-A5BD-07E4CA7C44D3}.Release|x86.Build.0 = Release|Any CPU
		{D89FBD62-A349-4D17-B394-8E3C6613BD92}.Debug|Any CPU.ActiveCfg = Debug|Any CPU
		{D89FBD62-A349-4D17-B394-8E3C6613BD92}.Debug|Any CPU.Build.0 = Debug|Any CPU
		{D89FBD62-A349-4D17-B394-8E3C6613BD92}.Debug|x64.ActiveCfg = Debug|Any CPU
		{D89FBD62-A349-4D17-B394-8E3C6613BD92}.Debug|x64.Build.0 = Debug|Any CPU
		{D89FBD62-A349-4D17-B394-8E3C6613BD92}.Debug|x86.ActiveCfg = Debug|Any CPU
		{D89FBD62-A349-4D17-B394-8E3C6613BD92}.Debug|x86.Build.0 = Debug|Any CPU
		{D89FBD62-A349-4D17-B394-8E3C6613BD92}.Release|Any CPU.ActiveCfg = Release|Any CPU
		{D89FBD62-A349-4D17-B394-8E3C6613BD92}.Release|Any CPU.Build.0 = Release|Any CPU
		{D89FBD62-A349-4D17-B394-8E3C6613BD92}.Release|x64.ActiveCfg = Release|Any CPU
		{D89FBD62-A349-4D17-B394-8E3C6613BD92}.Release|x64.Build.0 = Release|Any CPU
		{D89FBD62-A349-4D17-B394-8E3C6613BD92}.Release|x86.ActiveCfg = Release|Any CPU
		{D89FBD62-A349-4D17-B394-8E3C6613BD92}.Release|x86.Build.0 = Release|Any CPU
		{A1D465A1-73F4-4B12-BE13-3D34B653D549}.Debug|Any CPU.ActiveCfg = Debug|Any CPU
		{A1D465A1-73F4-4B12-BE13-3D34B653D549}.Debug|Any CPU.Build.0 = Debug|Any CPU
		{A1D465A1-73F4-4B12-BE13-3D34B653D549}.Debug|x64.ActiveCfg = Debug|Any CPU
		{A1D465A1-73F4-4B12-BE13-3D34B653D549}.Debug|x64.Build.0 = Debug|Any CPU
		{A1D465A1-73F4-4B12-BE13-3D34B653D549}.Debug|x86.ActiveCfg = Debug|Any CPU
		{A1D465A1-73F4-4B12-BE13-3D34B653D549}.Debug|x86.Build.0 = Debug|Any CPU
		{A1D465A1-73F4-4B12-BE13-3D34B653D549}.Release|Any CPU.ActiveCfg = Release|Any CPU
		{A1D465A1-73F4-4B12-BE13-3D34B653D549}.Release|Any CPU.Build.0 = Release|Any CPU
		{A1D465A1-73F4-4B12-BE13-3D34B653D549}.Release|x64.ActiveCfg = Release|Any CPU
		{A1D465A1-73F4-4B12-BE13-3D34B653D549}.Release|x64.Build.0 = Release|Any CPU
		{A1D465A1-73F4-4B12-BE13-3D34B653D549}.Release|x86.ActiveCfg = Release|Any CPU
		{A1D465A1-73F4-4B12-BE13-3D34B653D549}.Release|x86.Build.0 = Release|Any CPU
		{1436E276-8173-40B5-A09F-C0312564B5D7}.Debug|Any CPU.ActiveCfg = Debug|Any CPU
		{1436E276-8173-40B5-A09F-C0312564B5D7}.Debug|Any CPU.Build.0 = Debug|Any CPU
		{1436E276-8173-40B5-A09F-C0312564B5D7}.Debug|x64.ActiveCfg = Debug|Any CPU
		{1436E276-8173-40B5-A09F-C0312564B5D7}.Debug|x64.Build.0 = Debug|Any CPU
		{1436E276-8173-40B5-A09F-C0312564B5D7}.Debug|x86.ActiveCfg = Debug|Any CPU
		{1436E276-8173-40B5-A09F-C0312564B5D7}.Debug|x86.Build.0 = Debug|Any CPU
		{1436E276-8173-40B5-A09F-C0312564B5D7}.Release|Any CPU.ActiveCfg = Release|Any CPU
		{1436E276-8173-40B5-A09F-C0312564B5D7}.Release|Any CPU.Build.0 = Release|Any CPU
		{1436E276-8173-40B5-A09F-C0312564B5D7}.Release|x64.ActiveCfg = Release|Any CPU
		{1436E276-8173-40B5-A09F-C0312564B5D7}.Release|x64.Build.0 = Release|Any CPU
		{1436E276-8173-40B5-A09F-C0312564B5D7}.Release|x86.ActiveCfg = Release|Any CPU
		{1436E276-8173-40B5-A09F-C0312564B5D7}.Release|x86.Build.0 = Release|Any CPU
		{9AAD3B1A-3B7F-4A8D-9F38-52706D042AA2}.Debug|Any CPU.ActiveCfg = Debug|Any CPU
		{9AAD3B1A-3B7F-4A8D-9F38-52706D042AA2}.Debug|Any CPU.Build.0 = Debug|Any CPU
		{9AAD3B1A-3B7F-4A8D-9F38-52706D042AA2}.Debug|x64.ActiveCfg = Debug|Any CPU
		{9AAD3B1A-3B7F-4A8D-9F38-52706D042AA2}.Debug|x64.Build.0 = Debug|Any CPU
		{9AAD3B1A-3B7F-4A8D-9F38-52706D042AA2}.Debug|x86.ActiveCfg = Debug|Any CPU
		{9AAD3B1A-3B7F-4A8D-9F38-52706D042AA2}.Debug|x86.Build.0 = Debug|Any CPU
		{9AAD3B1A-3B7F-4A8D-9F38-52706D042AA2}.Release|Any CPU.ActiveCfg = Release|Any CPU
		{9AAD3B1A-3B7F-4A8D-9F38-52706D042AA2}.Release|Any CPU.Build.0 = Release|Any CPU
		{9AAD3B1A-3B7F-4A8D-9F38-52706D042AA2}.Release|x64.ActiveCfg = Release|Any CPU
		{9AAD3B1A-3B7F-4A8D-9F38-52706D042AA2}.Release|x64.Build.0 = Release|Any CPU
		{9AAD3B1A-3B7F-4A8D-9F38-52706D042AA2}.Release|x86.ActiveCfg = Release|Any CPU
		{9AAD3B1A-3B7F-4A8D-9F38-52706D042AA2}.Release|x86.Build.0 = Release|Any CPU
		{6ED20A07-B873-4A08-802B-072BB6157E33}.Debug|Any CPU.ActiveCfg = Debug|Any CPU
		{6ED20A07-B873-4A08-802B-072BB6157E33}.Debug|Any CPU.Build.0 = Debug|Any CPU
		{6ED20A07-B873-4A08-802B-072BB6157E33}.Debug|x64.ActiveCfg = Debug|Any CPU
		{6ED20A07-B873-4A08-802B-072BB6157E33}.Debug|x64.Build.0 = Debug|Any CPU
		{6ED20A07-B873-4A08-802B-072BB6157E33}.Debug|x86.ActiveCfg = Debug|Any CPU
		{6ED20A07-B873-4A08-802B-072BB6157E33}.Debug|x86.Build.0 = Debug|Any CPU
		{6ED20A07-B873-4A08-802B-072BB6157E33}.Release|Any CPU.ActiveCfg = Release|Any CPU
		{6ED20A07-B873-4A08-802B-072BB6157E33}.Release|Any CPU.Build.0 = Release|Any CPU
		{6ED20A07-B873-4A08-802B-072BB6157E33}.Release|x64.ActiveCfg = Release|Any CPU
		{6ED20A07-B873-4A08-802B-072BB6157E33}.Release|x64.Build.0 = Release|Any CPU
		{6ED20A07-B873-4A08-802B-072BB6157E33}.Release|x86.ActiveCfg = Release|Any CPU
		{6ED20A07-B873-4A08-802B-072BB6157E33}.Release|x86.Build.0 = Release|Any CPU
		{2787ECA3-FF1A-4579-98FE-E47B43BFE4F5}.Debug|Any CPU.ActiveCfg = Debug|Any CPU
		{2787ECA3-FF1A-4579-98FE-E47B43BFE4F5}.Debug|Any CPU.Build.0 = Debug|Any CPU
		{2787ECA3-FF1A-4579-98FE-E47B43BFE4F5}.Debug|x64.ActiveCfg = Debug|Any CPU
		{2787ECA3-FF1A-4579-98FE-E47B43BFE4F5}.Debug|x64.Build.0 = Debug|Any CPU
		{2787ECA3-FF1A-4579-98FE-E47B43BFE4F5}.Debug|x86.ActiveCfg = Debug|Any CPU
		{2787ECA3-FF1A-4579-98FE-E47B43BFE4F5}.Debug|x86.Build.0 = Debug|Any CPU
		{2787ECA3-FF1A-4579-98FE-E47B43BFE4F5}.Release|Any CPU.ActiveCfg = Release|Any CPU
		{2787ECA3-FF1A-4579-98FE-E47B43BFE4F5}.Release|Any CPU.Build.0 = Release|Any CPU
		{2787ECA3-FF1A-4579-98FE-E47B43BFE4F5}.Release|x64.ActiveCfg = Release|Any CPU
		{2787ECA3-FF1A-4579-98FE-E47B43BFE4F5}.Release|x64.Build.0 = Release|Any CPU
		{2787ECA3-FF1A-4579-98FE-E47B43BFE4F5}.Release|x86.ActiveCfg = Release|Any CPU
		{2787ECA3-FF1A-4579-98FE-E47B43BFE4F5}.Release|x86.Build.0 = Release|Any CPU
	EndGlobalSection
	GlobalSection(SolutionProperties) = preSolution
		HideSolutionNode = FALSE
	EndGlobalSection
	GlobalSection(NestedProjects) = preSolution
		{26B750BB-AC54-4E77-A5BD-07E4CA7C44D3} = {827E0CD3-B72D-47B6-A68D-7590B98EB39B}
		{D89FBD62-A349-4D17-B394-8E3C6613BD92} = {827E0CD3-B72D-47B6-A68D-7590B98EB39B}
		{A1D465A1-73F4-4B12-BE13-3D34B653D549} = {827E0CD3-B72D-47B6-A68D-7590B98EB39B}
		{1436E276-8173-40B5-A09F-C0312564B5D7} = {827E0CD3-B72D-47B6-A68D-7590B98EB39B}
		{9AAD3B1A-3B7F-4A8D-9F38-52706D042AA2} = {827E0CD3-B72D-47B6-A68D-7590B98EB39B}
		{6ED20A07-B873-4A08-802B-072BB6157E33} = {0AB3BF05-4346-4AA6-1389-037BE0695223}
		{2787ECA3-FF1A-4579-98FE-E47B43BFE4F5} = {0AB3BF05-4346-4AA6-1389-037BE0695223}
	EndGlobalSection
EndGlobal
